{
  "object": {
    "pins": [
      {
        "package": "FloatingPanel",
        "repositoryURL": "https://github.com/SCENEE/FloatingPanel",
        "state": {
          "branch": null,
          "revision": "f909cd41016ec28e06965dd270814f412d46312e",
          "version": "1.7.4"
        }
      }
    ]
  },
  "version": 1
}
